
Microsoft Visual Studio Solution File, Format Version 12.00
# Visual Studio Version 16
VisualStudioVersion = 16.0.29926.136
MinimumVisualStudioVersion = 10.0.40219.1
Project("{9A19103F-16F7-4668-BE54-9A1E7A4F7556}") = "Lovid20", "Lovid20\Lovid20.csproj", "{0559F29D-413F-4754-B317-EE3E97363425}"
EndProject
Project("{FAE04EC0-301F-11D3-BF4B-00C04F79EFBC}") = "Lovid API", "Lovid API\Lovid API.csproj", "{B1046955-5AB1-4E0F-A7EA-3ECC9F2F48C8}"
EndProject
Global
	GlobalSection(SolutionConfigurationPlatforms) = preSolution
		Debug|Any CPU = Debug|Any CPU
		Release|Any CPU = Release|Any CPU
	EndGlobalSection
	GlobalSection(ProjectConfigurationPlatforms) = postSolution
		{0559F29D-413F-4754-B317-EE3E97363425}.Debug|Any CPU.ActiveCfg = Debug|Any CPU
		{0559F29D-413F-4754-B317-EE3E97363425}.Debug|Any CPU.Build.0 = Debug|Any CPU
		{0559F29D-413F-4754-B317-EE3E97363425}.Release|Any CPU.ActiveCfg = Release|Any CPU
		{0559F29D-413F-4754-B317-EE3E97363425}.Release|Any CPU.Build.0 = Release|Any CPU
		{B1046955-5AB1-4E0F-A7EA-3ECC9F2F48C8}.Debug|Any CPU.ActiveCfg = Debug|Any CPU
		{B1046955-5AB1-4E0F-A7EA-3ECC9F2F48C8}.Debug|Any CPU.Build.0 = Debug|Any CPU
		{B1046955-5AB1-4E0F-A7EA-3ECC9F2F48C8}.Release|Any CPU.ActiveCfg = Release|Any CPU
		{B1046955-5AB1-4E0F-A7EA-3ECC9F2F48C8}.Release|Any CPU.Build.0 = Release|Any CPU
	EndGlobalSection
	GlobalSection(SolutionProperties) = preSolution
		HideSolutionNode = FALSE
	EndGlobalSection
	GlobalSection(ExtensibilityGlobals) = postSolution
		SolutionGuid = {0B3CAD97-6196-4FD8-BD80-67A76E1550AB}
	EndGlobalSection
EndGlobal
